# This file is machine-generated by `gh actions-lock`.
# Do not edit by hand; run `gh actions-lock` to update.
# Docs: https://gh.io/actions-lockfile
version: 'v0.0.2'
workflows:
    '.github/workflows/main-estate-audit.yml':
        - 'hyperpolymath/cicd-suite@55556cf5ba71ba744695861503c13148d3915a5d'
    '.github/workflows/proofs.yml':
        - 'actions/checkout@v6.0.3'
dependencies:
    'actions/checkout@v6.0.3':
        ref: 'v6.0.3'
        commit: 'sha1-df4cb1c069e1874edd31b4311f1884172cec0e10'
        owner_id: 44036562
        repo_id: 197814629
    'hyperpolymath/cicd-suite@55556cf5ba71ba744695861503c13148d3915a5d':
        ref: '55556cf5ba71ba744695861503c13148d3915a5d'
        commit: 'sha1-55556cf5ba71ba744695861503c13148d3915a5d'
        owner_id: 6759885
        repo_id: 1326697643
        uses:
            - 'actions/checkout@3d3c42e5aac5ba805825da76410c181273ba90b1'
            - 'hyperpolymath/cicd-suite@0da816c05ae7486671d863e07935f93981c0c2d5'
    'actions/checkout@3d3c42e5aac5ba805825da76410c181273ba90b1':
        ref: '3d3c42e5aac5ba805825da76410c181273ba90b1'
        commit: 'sha1-3d3c42e5aac5ba805825da76410c181273ba90b1'
        owner_id: 44036562
        repo_id: 197814629
    'hyperpolymath/cicd-suite@0da816c05ae7486671d863e07935f93981c0c2d5':
        ref: '0da816c05ae7486671d863e07935f93981c0c2d5'
        commit: 'sha1-0da816c05ae7486671d863e07935f93981c0c2d5'
        owner_id: 6759885
        repo_id: 1326697643
